
Microsoft Visual Studio Solution File, Format Version 12.00
# Visual Studio Version 16
VisualStudioVersion = 16.0.29728.190
MinimumVisualStudioVersion = 10.0.40219.1
Project("{FAE04EC0-301F-11D3-BF4B-00C04F79EFBC}") = "Practice", "Practice\Practice.csproj", "{F1680E8A-E08F-49A6-88B8-C126497E77F2}"
EndProject
Project("{FAE04EC0-301F-11D3-BF4B-00C04F79EFBC}") = "001_Operator_Bit", "001_Operator_Bit\001_Operator_Bit.csproj", "{1DF3FD2D-6B96-48C4-ACF7-A2BCB290ECC5}"
EndProject
Project("{FAE04EC0-301F-11D3-BF4B-00C04F79EFBC}") = "002_Operator_null", "002_Operator_null\002_Operator_null.csproj", "{75B18757-CA74-4B09-A693-2BF59865D600}"
EndProject
Project("{FAE04EC0-301F-11D3-BF4B-00C04F79EFBC}") = "005_ReadLine", "005_ReadLine\005_ReadLine.csproj", "{F01E4203-39D1-4ABE-96E5-3AF9FDAB5559}"
EndProject
Project("{FAE04EC0-301F-11D3-BF4B-00C04F79EFBC}") = "003_DataReference", "003_DataReference\003_DataReference.csproj", "{AE8244A4-B6E2-4E5A-9369-306C55FD0A35}"
EndProject
Project("{FAE04EC0-301F-11D3-BF4B-00C04F79EFBC}") = "004_DataBoxing", "004_DataBoxing\004_DataBoxing.csproj", "{C37055A8-4669-47BB-B943-9279D617C2AB}"
EndProject
Project("{FAE04EC0-301F-11D3-BF4B-00C04F79EFBC}") = "006_ReadLine2", "006_ReadLine2\006_ReadLine2.csproj", "{7306B94F-873B-4DAC-BD69-724DF9705A20}"
EndProject
Project("{FAE04EC0-301F-11D3-BF4B-00C04F79EFBC}") = "007_Operator_Branch", "007_Operator_Branch\007_Operator_Branch.csproj", "{59992415-AE59-4719-8AF4-0BC6912D4DEC}"
EndProject
Project("{FAE04EC0-301F-11D3-BF4B-00C04F79EFBC}") = "008_Operator_Branch2", "008_Operator_Branch2\008_Operator_Branch2.csproj", "{E1971E92-B800-4410-AA7B-EF5311BC4D46}"
EndProject
Project("{FAE04EC0-301F-11D3-BF4B-00C04F79EFBC}") = "009_Operator_Branch3", "009_Operator_Branch3\009_Operator_Branch3.csproj", "{E3119A15-422E-4BFB-8831-5FE54B5D0EA7}"
EndProject
Project("{FAE04EC0-301F-11D3-BF4B-00C04F79EFBC}") = "010_Operator_switch", "010_Operator_switch\010_Operator_switch.csproj", "{8202B4E1-9F5E-4376-8DC6-51A63178B1DA}"
EndProject
Project("{FAE04EC0-301F-11D3-BF4B-00C04F79EFBC}") = "011_Operator_Switch2", "011_Operator_Switch2\011_Operator_Switch2.csproj", "{A26E0915-BCC7-4875-B19C-6BA3591243D2}"
EndProject
Project("{FAE04EC0-301F-11D3-BF4B-00C04F79EFBC}") = "012_Multiply", "012_Multiply\012_Multiply.csproj", "{0A672EA2-AE7A-4C1E-B25C-A8A4D95383E2}"
EndProject
Project("{FAE04EC0-301F-11D3-BF4B-00C04F79EFBC}") = "013_Operator_while(true)", "013_Operator_while(true)\013_Operator_while(true).csproj", "{46FC0FE2-50B1-498A-88C3-169C94B8EF68}"
EndProject
Global
	GlobalSection(SolutionConfigurationPlatforms) = preSolution
		Debug|Any CPU = Debug|Any CPU
		Release|Any CPU = Release|Any CPU
	EndGlobalSection
	GlobalSection(ProjectConfigurationPlatforms) = postSolution
		{F1680E8A-E08F-49A6-88B8-C126497E77F2}.Debug|Any CPU.ActiveCfg = Debug|Any CPU
		{F1680E8A-E08F-49A6-88B8-C126497E77F2}.Debug|Any CPU.Build.0 = Debug|Any CPU
		{F1680E8A-E08F-49A6-88B8-C126497E77F2}.Release|Any CPU.ActiveCfg = Release|Any CPU
		{F1680E8A-E08F-49A6-88B8-C126497E77F2}.Release|Any CPU.Build.0 = Release|Any CPU
		{1DF3FD2D-6B96-48C4-ACF7-A2BCB290ECC5}.Debug|Any CPU.ActiveCfg = Debug|Any CPU
		{1DF3FD2D-6B96-48C4-ACF7-A2BCB290ECC5}.Debug|Any CPU.Build.0 = Debug|Any CPU
		{1DF3FD2D-6B96-48C4-ACF7-A2BCB290ECC5}.Release|Any CPU.ActiveCfg = Release|Any CPU
		{1DF3FD2D-6B96-48C4-ACF7-A2BCB290ECC5}.Release|Any CPU.Build.0 = Release|Any CPU
		{75B18757-CA74-4B09-A693-2BF59865D600}.Debug|Any CPU.ActiveCfg = Debug|Any CPU
		{75B18757-CA74-4B09-A693-2BF59865D600}.Debug|Any CPU.Build.0 = Debug|Any CPU
		{75B18757-CA74-4B09-A693-2BF59865D600}.Release|Any CPU.ActiveCfg = Release|Any CPU
		{75B18757-CA74-4B09-A693-2BF59865D600}.Release|Any CPU.Build.0 = Release|Any CPU
		{F01E4203-39D1-4ABE-96E5-3AF9FDAB5559}.Debug|Any CPU.ActiveCfg = Debug|Any CPU
		{F01E4203-39D1-4ABE-96E5-3AF9FDAB5559}.Debug|Any CPU.Build.0 = Debug|Any CPU
		{F01E4203-39D1-4ABE-96E5-3AF9FDAB5559}.Release|Any CPU.ActiveCfg = Release|Any CPU
		{F01E4203-39D1-4ABE-96E5-3AF9FDAB5559}.Release|Any CPU.Build.0 = Release|Any CPU
		{AE8244A4-B6E2-4E5A-9369-306C55FD0A35}.Debug|Any CPU.ActiveCfg = Debug|Any CPU
		{AE8244A4-B6E2-4E5A-9369-306C55FD0A35}.Debug|Any CPU.Build.0 = Debug|Any CPU
		{AE8244A4-B6E2-4E5A-9369-306C55FD0A35}.Release|Any CPU.ActiveCfg = Release|Any CPU
		{AE8244A4-B6E2-4E5A-9369-306C55FD0A35}.Release|Any CPU.Build.0 = Release|Any CPU
		{C37055A8-4669-47BB-B943-9279D617C2AB}.Debug|Any CPU.ActiveCfg = Debug|Any CPU
		{C37055A8-4669-47BB-B943-9279D617C2AB}.Debug|Any CPU.Build.0 = Debug|Any CPU
		{C37055A8-4669-47BB-B943-9279D617C2AB}.Release|Any CPU.ActiveCfg = Release|Any CPU
		{C37055A8-4669-47BB-B943-9279D617C2AB}.Release|Any CPU.Build.0 = Release|Any CPU
		{7306B94F-873B-4DAC-BD69-724DF9705A20}.Debug|Any CPU.ActiveCfg = Debug|Any CPU
		{7306B94F-873B-4DAC-BD69-724DF9705A20}.Debug|Any CPU.Build.0 = Debug|Any CPU
		{7306B94F-873B-4DAC-BD69-724DF9705A20}.Release|Any CPU.ActiveCfg = Release|Any CPU
		{7306B94F-873B-4DAC-BD69-724DF9705A20}.Release|Any CPU.Build.0 = Release|Any CPU
		{59992415-AE59-4719-8AF4-0BC6912D4DEC}.Debug|Any CPU.ActiveCfg = Debug|Any CPU
		{59992415-AE59-4719-8AF4-0BC6912D4DEC}.Debug|Any CPU.Build.0 = Debug|Any CPU
		{59992415-AE59-4719-8AF4-0BC6912D4DEC}.Release|Any CPU.ActiveCfg = Release|Any CPU
		{59992415-AE59-4719-8AF4-0BC6912D4DEC}.Release|Any CPU.Build.0 = Release|Any CPU
		{E1971E92-B800-4410-AA7B-EF5311BC4D46}.Debug|Any CPU.ActiveCfg = Debug|Any CPU
		{E1971E92-B800-4410-AA7B-EF5311BC4D46}.Debug|Any CPU.Build.0 = Debug|Any CPU
		{E1971E92-B800-4410-AA7B-EF5311BC4D46}.Release|Any CPU.ActiveCfg = Release|Any CPU
		{E1971E92-B800-4410-AA7B-EF5311BC4D46}.Release|Any CPU.Build.0 = Release|Any CPU
		{E3119A15-422E-4BFB-8831-5FE54B5D0EA7}.Debug|Any CPU.ActiveCfg = Debug|Any CPU
		{E3119A15-422E-4BFB-8831-5FE54B5D0EA7}.Debug|Any CPU.Build.0 = Debug|Any CPU
		{E3119A15-422E-4BFB-8831-5FE54B5D0EA7}.Release|Any CPU.ActiveCfg = Release|Any CPU
		{E3119A15-422E-4BFB-8831-5FE54B5D0EA7}.Release|Any CPU.Build.0 = Release|Any CPU
		{8202B4E1-9F5E-4376-8DC6-51A63178B1DA}.Debug|Any CPU.ActiveCfg = Debug|Any CPU
		{8202B4E1-9F5E-4376-8DC6-51A63178B1DA}.Debug|Any CPU.Build.0 = Debug|Any CPU
		{8202B4E1-9F5E-4376-8DC6-51A63178B1DA}.Release|Any CPU.ActiveCfg = Release|Any CPU
		{8202B4E1-9F5E-4376-8DC6-51A63178B1DA}.Release|Any CPU.Build.0 = Release|Any CPU
		{A26E0915-BCC7-4875-B19C-6BA3591243D2}.Debug|Any CPU.ActiveCfg = Debug|Any CPU
		{A26E0915-BCC7-4875-B19C-6BA3591243D2}.Debug|Any CPU.Build.0 = Debug|Any CPU
		{A26E0915-BCC7-4875-B19C-6BA3591243D2}.Release|Any CPU.ActiveCfg = Release|Any CPU
		{A26E0915-BCC7-4875-B19C-6BA3591243D2}.Release|Any CPU.Build.0 = Release|Any CPU
		{0A672EA2-AE7A-4C1E-B25C-A8A4D95383E2}.Debug|Any CPU.ActiveCfg = Debug|Any CPU
		{0A672EA2-AE7A-4C1E-B25C-A8A4D95383E2}.Debug|Any CPU.Build.0 = Debug|Any CPU
		{0A672EA2-AE7A-4C1E-B25C-A8A4D95383E2}.Release|Any CPU.ActiveCfg = Release|Any CPU
		{0A672EA2-AE7A-4C1E-B25C-A8A4D95383E2}.Release|Any CPU.Build.0 = Release|Any CPU
		{46FC0FE2-50B1-498A-88C3-169C94B8EF68}.Debug|Any CPU.ActiveCfg = Debug|Any CPU
		{46FC0FE2-50B1-498A-88C3-169C94B8EF68}.Debug|Any CPU.Build.0 = Debug|Any CPU
		{46FC0FE2-50B1-498A-88C3-169C94B8EF68}.Release|Any CPU.ActiveCfg = Release|Any CPU
		{46FC0FE2-50B1-498A-88C3-169C94B8EF68}.Release|Any CPU.Build.0 = Release|Any CPU
	EndGlobalSection
	GlobalSection(SolutionProperties) = preSolution
		HideSolutionNode = FALSE
	EndGlobalSection
	GlobalSection(ExtensibilityGlobals) = postSolution
		SolutionGuid = {509D4A5F-D342-49C3-AEDF-0C2687249E14}
	EndGlobalSection
EndGlobal
